
Microsoft Visual Studio Solution File, Format Version 12.00
# Visual Studio Version 17
VisualStudioVersion = 17.4.32717.64
MinimumVisualStudioVersion = 10.0.40219.1
Project("{FAE04EC0-301F-11D3-BF4B-00C04F79EFBC}") = "WebApplication242", "WebApplication242\WebApplication242.csproj", "{518D5D6F-4700-4769-B448-2B57FB00D128}"
EndProject
Project("{2150E333-8FDC-42A3-9474-1A3956D46DE8}") = "Workflows", "Workflows", "{EAE2FB99-8B0D-4329-8A74-083EFB981426}"
	ProjectSection(SolutionItems) = preProject
		.github\workflows\build-31a11.yaml = .github\workflows\build-31a11.yaml
	EndProjectSection
EndProject
Global
	GlobalSection(SolutionConfigurationPlatforms) = preSolution
		Debug|Any CPU = Debug|Any CPU
		Release|Any CPU = Release|Any CPU
	EndGlobalSection
	GlobalSection(ProjectConfigurationPlatforms) = postSolution
		{518D5D6F-4700-4769-B448-2B57FB00D128}.Debug|Any CPU.ActiveCfg = Debug|Any CPU
		{518D5D6F-4700-4769-B448-2B57FB00D128}.Debug|Any CPU.Build.0 = Debug|Any CPU
		{518D5D6F-4700-4769-B448-2B57FB00D128}.Release|Any CPU.ActiveCfg = Release|Any CPU
		{518D5D6F-4700-4769-B448-2B57FB00D128}.Release|Any CPU.Build.0 = Release|Any CPU
	EndGlobalSection
	GlobalSection(SolutionProperties) = preSolution
		HideSolutionNode = FALSE
	EndGlobalSection
	GlobalSection(ExtensibilityGlobals) = postSolution
		SolutionGuid = {72A85BA1-9808-434F-B59F-454E10C472BA}
	EndGlobalSection
EndGlobal
